
Microsoft Visual Studio Solution File, Format Version 9.00
# Visual Studio 2005
Project("{FAE04EC0-301F-11D3-BF4B-00C04F79EFBC}") = "test", "Test\test.csproj", "{651AD78F-7F61-4F5C-997D-9DEF075F298E}"
EndProject
Project("{FAE04EC0-301F-11D3-BF4B-00C04F79EFBC}") = "CSTL", "src\CSTL.csproj", "{B4D21816-6533-4F92-B0EA-FEC86FBBEDEC}"
EndProject
Global
	GlobalSection(SolutionConfigurationPlatforms) = preSolution
		Debug|Any CPU = Debug|Any CPU
		Release|Any CPU = Release|Any CPU
	EndGlobalSection
	GlobalSection(ProjectConfigurationPlatforms) = postSolution
		{651AD78F-7F61-4F5C-997D-9DEF075F298E}.Debug|Any CPU.ActiveCfg = Debug|Any CPU
		{651AD78F-7F61-4F5C-997D-9DEF075F298E}.Debug|Any CPU.Build.0 = Debug|Any CPU
		{651AD78F-7F61-4F5C-997D-9DEF075F298E}.Release|Any CPU.ActiveCfg = Release|Any CPU
		{651AD78F-7F61-4F5C-997D-9DEF075F298E}.Release|Any CPU.Build.0 = Release|Any CPU
		{B4D21816-6533-4F92-B0EA-FEC86FBBEDEC}.Debug|Any CPU.ActiveCfg = Debug|Any CPU
		{B4D21816-6533-4F92-B0EA-FEC86FBBEDEC}.Debug|Any CPU.Build.0 = Debug|Any CPU
		{B4D21816-6533-4F92-B0EA-FEC86FBBEDEC}.Release|Any CPU.ActiveCfg = Release|Any CPU
		{B4D21816-6533-4F92-B0EA-FEC86FBBEDEC}.Release|Any CPU.Build.0 = Release|Any CPU
	EndGlobalSection
	GlobalSection(SolutionProperties) = preSolution
		HideSolutionNode = FALSE
	EndGlobalSection
EndGlobal
